
Microsoft Visual Studio Solution File, Format Version 12.00
# Visual Studio Version 16
VisualStudioVersion = 16.0.29418.71
MinimumVisualStudioVersion = 10.0.40219.1
Project("{888888A0-9F3D-457C-B088-3A5042F75D52}") = "pb2", "pb2.pyproj", "{37581DC0-EA32-432F-A4EA-A0CB9D56B4CB}"
EndProject
Global
	GlobalSection(SolutionConfigurationPlatforms) = preSolution
		Debug|Any CPU = Debug|Any CPU
		Release|Any CPU = Release|Any CPU
	EndGlobalSection
	GlobalSection(ProjectConfigurationPlatforms) = postSolution
		{37581DC0-EA32-432F-A4EA-A0CB9D56B4CB}.Debug|Any CPU.ActiveCfg = Debug|Any CPU
		{37581DC0-EA32-432F-A4EA-A0CB9D56B4CB}.Release|Any CPU.ActiveCfg = Release|Any CPU
	EndGlobalSection
	GlobalSection(SolutionProperties) = preSolution
		HideSolutionNode = FALSE
	EndGlobalSection
	GlobalSection(ExtensibilityGlobals) = postSolution
		SolutionGuid = {B93ECD36-7937-4106-9F1A-D996CE04F64B}
	EndGlobalSection
EndGlobal
